
Microsoft Visual Studio Solution File, Format Version 12.00
# Visual Studio Version 17
VisualStudioVersion = 17.8.34511.84
MinimumVisualStudioVersion = 10.0.40219.1
Project("{9A19103F-16F7-4668-BE54-9A1E7A4F7556}") = "Aidn.NewsScore", "Aidn.NewsScore.csproj", "{D2155451-A121-4591-BADB-EEE47D300656}"
EndProject
Project("{FAE04EC0-301F-11D3-BF4B-00C04F79EFBC}") = "Test.Aidn.NewsScore", "..\Tests\Test.Aidn.NewsScore\Test.Aidn.NewsScore.csproj", "{D4FBB49F-E789-48F2-A22C-028B584F8849}"
EndProject
Global
	GlobalSection(SolutionConfigurationPlatforms) = preSolution
		Debug|Any CPU = Debug|Any CPU
		Release|Any CPU = Release|Any CPU
	EndGlobalSection
	GlobalSection(ProjectConfigurationPlatforms) = postSolution
		{D2155451-A121-4591-BADB-EEE47D300656}.Debug|Any CPU.ActiveCfg = Debug|Any CPU
		{D2155451-A121-4591-BADB-EEE47D300656}.Debug|Any CPU.Build.0 = Debug|Any CPU
		{D2155451-A121-4591-BADB-EEE47D300656}.Release|Any CPU.ActiveCfg = Release|Any CPU
		{D2155451-A121-4591-BADB-EEE47D300656}.Release|Any CPU.Build.0 = Release|Any CPU
		{D4FBB49F-E789-48F2-A22C-028B584F8849}.Debug|Any CPU.ActiveCfg = Debug|Any CPU
		{D4FBB49F-E789-48F2-A22C-028B584F8849}.Debug|Any CPU.Build.0 = Debug|Any CPU
		{D4FBB49F-E789-48F2-A22C-028B584F8849}.Release|Any CPU.ActiveCfg = Release|Any CPU
		{D4FBB49F-E789-48F2-A22C-028B584F8849}.Release|Any CPU.Build.0 = Release|Any CPU
	EndGlobalSection
	GlobalSection(SolutionProperties) = preSolution
		HideSolutionNode = FALSE
	EndGlobalSection
	GlobalSection(ExtensibilityGlobals) = postSolution
		SolutionGuid = {F55E9CD9-0C1B-4F30-9AF2-3360B27AD0D6}
	EndGlobalSection
EndGlobal
